// !$*UTF8*$!
{
	archiveVersion = 1;
	classes = {
	};
	objectVersion = 50;
	objects = {

/* Begin PBXBuildFile section */
		3D3BA3CC216D767200F6EE01 /* AppDelegate.swift in Sources */ = {isa = PBXBuildFile; fileRef = 3D3BA3CB216D767200F6EE01 /* AppDelegate.swift */; };
		3D3BA3CE216D767300F6EE01 /* ViewController.swift in Sources */ = {isa = PBXBuildFile; fileRef = 3D3BA3CD216D767300F6EE01 /* ViewController.swift */; };
		3D3BA3D1216D767300F6EE01 /* Main.storyboard in Resources */ = {isa = PBXBuildFile; fileRef = 3D3BA3CF216D767300F6EE01 /* Main.storyboard */; };
		3D3BA3D3216D768400F6EE01 /* Assets.xcassets in Resources */ = {isa = PBXBuildFile; fileRef = 3D3BA3D2216D768400F6EE01 /* Assets.xcassets */; };
		3D3BA3D6216D768400F6EE01 /* LaunchScreen.storyboard in Resources */ = {isa = PBXBuildFile; fileRef = 3D3BA3D4216D768400F6EE01 /* LaunchScreen.storyboard */; };
		3D3BA3E1216D768400F6EE01 /* RestauranteTests.swift in Sources */ = {isa = PBXBuildFile; fileRef = 3D3BA3E0216D768400F6EE01 /* RestauranteTests.swift */; };
		3D3BA3EC216D768400F6EE01 /* RestauranteUITests.swift in Sources */ = {isa = PBXBuildFile; fileRef = 3D3BA3EB216D768400F6EE01 /* RestauranteUITests.swift */; };
		3D3ED455216E566900C49997 /* Restaurante.swift in Sources */ = {isa = PBXBuildFile; fileRef = 3D3ED454216E566900C49997 /* Restaurante.swift */; };
		3D3ED457216E57FE00C49997 /* Comentario.swift in Sources */ = {isa = PBXBuildFile; fileRef = 3D3ED456216E57FE00C49997 /* Comentario.swift */; };
		3D3ED459216E591C00C49997 /* Datos.swift in Sources */ = {isa = PBXBuildFile; fileRef = 3D3ED458216E591C00C49997 /* Datos.swift */; };
		3D3ED45B216E5CEB00C49997 /* CeldaRestaurante.swift in Sources */ = {isa = PBXBuildFile; fileRef = 3D3ED45A216E5CEB00C49997 /* CeldaRestaurante.swift */; };
		3D3ED45D216E5FB700C49997 /* CeldaComentario.swift in Sources */ = {isa = PBXBuildFile; fileRef = 3D3ED45C216E5FB700C49997 /* CeldaComentario.swift */; };
		3D3ED45F216E60EC00C49997 /* ListaComentarioController.swift in Sources */ = {isa = PBXBuildFile; fileRef = 3D3ED45E216E60EC00C49997 /* ListaComentarioController.swift */; };
/* End PBXBuildFile section */

/* Begin PBXContainerItemProxy section */
		3D3BA3DD216D768400F6EE01 /* PBXContainerItemProxy */ = {
			isa = PBXContainerItemProxy;
			containerPortal = 3D3BA3C0216D767200F6EE01 /* Project object */;
			proxyType = 1;
			remoteGlobalIDString = 3D3BA3C7216D767200F6EE01;
			remoteInfo = Restaurante;
		};
		3D3BA3E8216D768400F6EE01 /* PBXContainerItemProxy */ = {
			isa = PBXContainerItemProxy;
			containerPortal = 3D3BA3C0216D767200F6EE01 /* Project object */;
			proxyType = 1;
			remoteGlobalIDString = 3D3BA3C7216D767200F6EE01;
			remoteInfo = Restaurante;
		};
/* End PBXContainerItemProxy section */

/* Begin PBXFileReference section */
		3D3BA3C8216D767200F6EE01 /* Restaurante.app */ = {isa = PBXFileReference; explicitFileType = wrapper.application; includeInIndex = 0; path = Restaurante.app; sourceTree = BUILT_PRODUCTS_DIR; };
		3D3BA3CB216D767200F6EE01 /* AppDelegate.swift */ = {isa = PBXFileReference; lastKnownFileType = sourcecode.swift; path = AppDelegate.swift; sourceTree = "<group>"; };
		3D3BA3CD216D767300F6EE01 /* ViewController.swift */ = {isa = PBXFileReference; lastKnownFileType = sourcecode.swift; path = ViewController.swift; sourceTree = "<group>"; };
		3D3BA3D0216D767300F6EE01 /* Base */ = {isa = PBXFileReference; lastKnownFileType = file.storyboard; name = Base; path = Base.lproj/Main.storyboard; sourceTree = "<group>"; };
		3D3BA3D2216D768400F6EE01 /* Assets.xcassets */ = {isa = PBXFileReference; lastKnownFileType = folder.assetcatalog; path = Assets.xcassets; sourceTree = "<group>"; };
		3D3BA3D5216D768400F6EE01 /* Base */ = {isa = PBXFileReference; lastKnownFileType = file.storyboard; name = Base; path = Base.lproj/LaunchScreen.storyboard; sourceTree = "<group>"; };
		3D3BA3D7216D768400F6EE01 /* Info.plist */ = {isa = PBXFileReference; lastKnownFileType = text.plist.xml; path = Info.plist; sourceTree = "<group>"; };
		3D3BA3DC216D768400F6EE01 /* RestauranteTests.xctest */ = {isa = PBXFileReference; explicitFileType = wrapper.cfbundle; includeInIndex = 0; path = RestauranteTests.xctest; sourceTree = BUILT_PRODUCTS_DIR; };
		3D3BA3E0216D768400F6EE01 /* RestauranteTests.swift */ = {isa = PBXFileReference; lastKnownFileType = sourcecode.swift; path = RestauranteTests.swift; sourceTree = "<group>"; };
		3D3BA3E2216D768400F6EE01 /* Info.plist */ = {isa = PBXFileReference; lastKnownFileType = text.plist.xml; path = Info.plist; sourceTree = "<group>"; };
		3D3BA3E7216D768400F6EE01 /* RestauranteUITests.xctest */ = {isa = PBXFileReference; explicitFileType = wrapper.cfbundle; includeInIndex = 0; path = RestauranteUITests.xctest; sourceTree = BUILT_PRODUCTS_DIR; };
		3D3BA3EB216D768400F6EE01 /* RestauranteUITests.swift */ = {isa = PBXFileReference; lastKnownFileType = sourcecode.swift; path = RestauranteUITests.swift; sourceTree = "<group>"; };
		3D3BA3ED216D768400F6EE01 /* Info.plist */ = {isa = PBXFileReference; lastKnownFileType = text.plist.xml; path = Info.plist; sourceTree = "<group>"; };
		3D3ED454216E566900C49997 /* Restaurante.swift */ = {isa = PBXFileReference; lastKnownFileType = sourcecode.swift; path = Restaurante.swift; sourceTree = "<group>"; };
		3D3ED456216E57FE00C49997 /* Comentario.swift */ = {isa = PBXFileReference; lastKnownFileType = sourcecode.swift; path = Comentario.swift; sourceTree = "<group>"; };
		3D3ED458216E591C00C49997 /* Datos.swift */ = {isa = PBXFileReference; lastKnownFileType = sourcecode.swift; path = Datos.swift; sourceTree = "<group>"; };
		3D3ED45A216E5CEB00C49997 /* CeldaRestaurante.swift */ = {isa = PBXFileReference; lastKnownFileType = sourcecode.swift; path = CeldaRestaurante.swift; sourceTree = "<group>"; };
		3D3ED45C216E5FB700C49997 /* CeldaComentario.swift */ = {isa = PBXFileReference; lastKnownFileType = sourcecode.swift; path = CeldaComentario.swift; sourceTree = "<group>"; };
		3D3ED45E216E60EC00C49997 /* ListaComentarioController.swift */ = {isa = PBXFileReference; lastKnownFileType = sourcecode.swift; path = ListaComentarioController.swift; sourceTree = "<group>"; };
/* End PBXFileReference section */

/* Begin PBXFrameworksBuildPhase section */
		3D3BA3C5216D767200F6EE01 /* Frameworks */ = {
			isa = PBXFrameworksBuildPhase;
			buildActionMask = 2147483647;
			files = (
			);
			runOnlyForDeploymentPostprocessing = 0;
		};
		3D3BA3D9216D768400F6EE01 /* Frameworks */ = {
			isa = PBXFrameworksBuildPhase;
			buildActionMask = 2147483647;
			files = (
			);
			runOnlyForDeploymentPostprocessing = 0;
		};
		3D3BA3E4216D768400F6EE01 /* Frameworks */ = {
			isa = PBXFrameworksBuildPhase;
			buildActionMask = 2147483647;
			files = (
			);
			runOnlyForDeploymentPostprocessing = 0;
		};
/* End PBXFrameworksBuildPhase section */

/* Begin PBXGroup section */
		3D3BA3BF216D767200F6EE01 = {
			isa = PBXGroup;
			children = (
				3D3BA3CA216D767200F6EE01 /* Restaurante */,
				3D3BA3DF216D768400F6EE01 /* RestauranteTests */,
				3D3BA3EA216D768400F6EE01 /* RestauranteUITests */,
				3D3BA3C9216D767200F6EE01 /* Products */,
			);
			sourceTree = "<group>";
		};
		3D3BA3C9216D767200F6EE01 /* Products */ = {
			isa = PBXGroup;
			children = (
				3D3BA3C8216D767200F6EE01 /* Restaurante.app */,
				3D3BA3DC216D768400F6EE01 /* RestauranteTests.xctest */,
				3D3BA3E7216D768400F6EE01 /* RestauranteUITests.xctest */,
			);
			name = Products;
			sourceTree = "<group>";
		};
		3D3BA3CA216D767200F6EE01 /* Restaurante */ = {
			isa = PBXGroup;
			children = (
				3D3BA3FF216D76FB00F6EE01 /* App */,
				3D3BA3FE216D76E200F6EE01 /* ViewControllers */,
				3D3BA3FD216D76DB00F6EE01 /* Views */,
				3D3BA3FC216D76B100F6EE01 /* Resources */,
				3D3BA3F9216D769300F6EE01 /* Models */,
			);
			path = Restaurante;
			sourceTree = "<group>";
		};
		3D3BA3DF216D768400F6EE01 /* RestauranteTests */ = {
			isa = PBXGroup;
			children = (
				3D3BA3E0216D768400F6EE01 /* RestauranteTests.swift */,
				3D3BA3E2216D768400F6EE01 /* Info.plist */,
			);
			path = RestauranteTests;
			sourceTree = "<group>";
		};
		3D3BA3EA216D768400F6EE01 /* RestauranteUITests */ = {
			isa = PBXGroup;
			children = (
				3D3BA3EB216D768400F6EE01 /* RestauranteUITests.swift */,
				3D3BA3ED216D768400F6EE01 /* Info.plist */,
			);
			path = RestauranteUITests;
			sourceTree = "<group>";
		};
		3D3BA3F9216D769300F6EE01 /* Models */ = {
			isa = PBXGroup;
			children = (
				3D3ED454216E566900C49997 /* Restaurante.swift */,
				3D3ED456216E57FE00C49997 /* Comentario.swift */,
				3D3ED458216E591C00C49997 /* Datos.swift */,
			);
			name = Models;
			sourceTree = "<group>";
		};
		3D3BA3FC216D76B100F6EE01 /* Resources */ = {
			isa = PBXGroup;
			children = (
				3D3BA3D2216D768400F6EE01 /* Assets.xcassets */,
			);
			name = Resources;
			sourceTree = "<group>";
		};
		3D3BA3FD216D76DB00F6EE01 /* Views */ = {
			isa = PBXGroup;
			children = (
				3D3BA3D4216D768400F6EE01 /* LaunchScreen.storyboard */,
				3D3BA3CF216D767300F6EE01 /* Main.storyboard */,
			);
			name = Views;
			sourceTree = "<group>";
		};
		3D3BA3FE216D76E200F6EE01 /* ViewControllers */ = {
			isa = PBXGroup;
			children = (
				3D3BA3CD216D767300F6EE01 /* ViewController.swift */,
				3D3ED45A216E5CEB00C49997 /* CeldaRestaurante.swift */,
				3D3ED45C216E5FB700C49997 /* CeldaComentario.swift */,
				3D3ED45E216E60EC00C49997 /* ListaComentarioController.swift */,
			);
			name = ViewControllers;
			sourceTree = "<group>";
		};
		3D3BA3FF216D76FB00F6EE01 /* App */ = {
			isa = PBXGroup;
			children = (
				3D3BA3CB216D767200F6EE01 /* AppDelegate.swift */,
				3D3BA3D7216D768400F6EE01 /* Info.plist */,
			);
			name = App;
			sourceTree = "<group>";
		};
/* End PBXGroup section */

/* Begin PBXNativeTarget section */
		3D3BA3C7216D767200F6EE01 /* Restaurante */ = {
			isa = PBXNativeTarget;
			buildConfigurationList = 3D3BA3F0216D768400F6EE01 /* Build configuration list for PBXNativeTarget "Restaurante" */;
			buildPhases = (
				3D3BA3C4216D767200F6EE01 /* Sources */,
				3D3BA3C5216D767200F6EE01 /* Frameworks */,
				3D3BA3C6216D767200F6EE01 /* Resources */,
			);
			buildRules = (
			);
			dependencies = (
			);
			name = Restaurante;
			productName = Restaurante;
			productReference = 3D3BA3C8216D767200F6EE01 /* Restaurante.app */;
			productType = "com.apple.product-type.application";
		};
		3D3BA3DB216D768400F6EE01 /* RestauranteTests */ = {
			isa = PBXNativeTarget;
			buildConfigurationList = 3D3BA3F3216D768400F6EE01 /* Build configuration list for PBXNativeTarget "RestauranteTests" */;
			buildPhases = (
				3D3BA3D8216D768400F6EE01 /* Sources */,
				3D3BA3D9216D768400F6EE01 /* Frameworks */,
				3D3BA3DA216D768400F6EE01 /* Resources */,
			);
			buildRules = (
			);
			dependencies = (
				3D3BA3DE216D768400F6EE01 /* PBXTargetDependency */,
			);
			name = RestauranteTests;
			productName = RestauranteTests;
			productReference = 3D3BA3DC216D768400F6EE01 /* RestauranteTests.xctest */;
			productType = "com.apple.product-type.bundle.unit-test";
		};
		3D3BA3E6216D768400F6EE01 /* RestauranteUITests */ = {
			isa = PBXNativeTarget;
			buildConfigurationList = 3D3BA3F6216D768400F6EE01 /* Build configuration list for PBXNativeTarget "RestauranteUITests" */;
			buildPhases = (
				3D3BA3E3216D768400F6EE01 /* Sources */,
				3D3BA3E4216D768400F6EE01 /* Frameworks */,
				3D3BA3E5216D768400F6EE01 /* Resources */,
			);
			buildRules = (
			);
			dependencies = (
				3D3BA3E9216D768400F6EE01 /* PBXTargetDependency */,
			);
			name = RestauranteUITests;
			productName = RestauranteUITests;
			productReference = 3D3BA3E7216D768400F6EE01 /* RestauranteUITests.xctest */;
			productType = "com.apple.product-type.bundle.ui-testing";
		};
/* End PBXNativeTarget section */

/* Begin PBXProject section */
		3D3BA3C0216D767200F6EE01 /* Project object */ = {
			isa = PBXProject;
			attributes = {
				LastSwiftUpdateCheck = 0940;
				LastUpgradeCheck = 0940;
				ORGANIZATIONNAME = Alumno;
				TargetAttributes = {
					3D3BA3C7216D767200F6EE01 = {
						CreatedOnToolsVersion = 9.4.1;
					};
					3D3BA3DB216D768400F6EE01 = {
						CreatedOnToolsVersion = 9.4.1;
						TestTargetID = 3D3BA3C7216D767200F6EE01;
					};
					3D3BA3E6216D768400F6EE01 = {
						CreatedOnToolsVersion = 9.4.1;
						TestTargetID = 3D3BA3C7216D767200F6EE01;
					};
				};
			};
			buildConfigurationList = 3D3BA3C3216D767200F6EE01 /* Build configuration list for PBXProject "Restaurante" */;
			compatibilityVersion = "Xcode 9.3";
			developmentRegion = en;
			hasScannedForEncodings = 0;
			knownRegions = (
				en,
				Base,
			);
			mainGroup = 3D3BA3BF216D767200F6EE01;
			productRefGroup = 3D3BA3C9216D767200F6EE01 /* Products */;
			projectDirPath = "";
			projectRoot = "";
			targets = (
				3D3BA3C7216D767200F6EE01 /* Restaurante */,
				3D3BA3DB216D768400F6EE01 /* RestauranteTests */,
				3D3BA3E6216D768400F6EE01 /* RestauranteUITests */,
			);
		};
/* End PBXProject section */

/* Begin PBXResourcesBuildPhase section */
		3D3BA3C6216D767200F6EE01 /* Resources */ = {
			isa = PBXResourcesBuildPhase;
			buildActionMask = 2147483647;
			files = (
				3D3BA3D6216D768400F6EE01 /* LaunchScreen.storyboard in Resources */,
				3D3BA3D3216D768400F6EE01 /* Assets.xcassets in Resources */,
				3D3BA3D1216D767300F6EE01 /* Main.storyboard in Resources */,
			);
			runOnlyForDeploymentPostprocessing = 0;
		};
		3D3BA3DA216D768400F6EE01 /* Resources */ = {
			isa = PBXResourcesBuildPhase;
			buildActionMask = 2147483647;
			files = (
			);
			runOnlyForDeploymentPostprocessing = 0;
		};
		3D3BA3E5216D768400F6EE01 /* Resources */ = {
			isa = PBXResourcesBuildPhase;
			buildActionMask = 2147483647;
			files = (
			);
			runOnlyForDeploymentPostprocessing = 0;
		};
/* End PBXResourcesBuildPhase section */

/* Begin PBXSourcesBuildPhase section */
		3D3BA3C4216D767200F6EE01 /* Sources */ = {
			isa = PBXSourcesBuildPhase;
			buildActionMask = 2147483647;
			files = (
				3D3ED45B216E5CEB00C49997 /* CeldaRestaurante.swift in Sources */,
				3D3ED459216E591C00C49997 /* Datos.swift in Sources */,
				3D3ED457216E57FE00C49997 /* Comentario.swift in Sources */,
				3D3ED45D216E5FB700C49997 /* CeldaComentario.swift in Sources */,
				3D3ED45F216E60EC00C49997 /* ListaComentarioController.swift in Sources */,
				3D3BA3CE216D767300F6EE01 /* ViewController.swift in Sources */,
				3D3BA3CC216D767200F6EE01 /* AppDelegate.swift in Sources */,
				3D3ED455216E566900C49997 /* Restaurante.swift in Sources */,
			);
			runOnlyForDeploymentPostprocessing = 0;
		};
		3D3BA3D8216D768400F6EE01 /* Sources */ = {
			isa = PBXSourcesBuildPhase;
			buildActionMask = 2147483647;
			files = (
				3D3BA3E1216D768400F6EE01 /* RestauranteTests.swift in Sources */,
			);
			runOnlyForDeploymentPostprocessing = 0;
		};
		3D3BA3E3216D768400F6EE01 /* Sources */ = {
			isa = PBXSourcesBuildPhase;
			buildActionMask = 2147483647;
			files = (
				3D3BA3EC216D768400F6EE01 /* RestauranteUITests.swift in Sources */,
			);
			runOnlyForDeploymentPostprocessing = 0;
		};
/* End PBXSourcesBuildPhase section */

/* Begin PBXTargetDependency section */
		3D3BA3DE216D768400F6EE01 /* PBXTargetDependency */ = {
			isa = PBXTargetDependency;
			target = 3D3BA3C7216D767200F6EE01 /* Restaurante */;
			targetProxy = 3D3BA3DD216D768400F6EE01 /* PBXContainerItemProxy */;
		};
		3D3BA3E9216D768400F6EE01 /* PBXTargetDependency */ = {
			isa = PBXTargetDependency;
			target = 3D3BA3C7216D767200F6EE01 /* Restaurante */;
			targetProxy = 3D3BA3E8216D768400F6EE01 /* PBXContainerItemProxy */;
		};
/* End PBXTargetDependency section */

/* Begin PBXVariantGroup section */
		3D3BA3CF216D767300F6EE01 /* Main.storyboard */ = {
			isa = PBXVariantGroup;
			children = (
				3D3BA3D0216D767300F6EE01 /* Base */,
			);
			name = Main.storyboard;
			sourceTree = "<group>";
		};
		3D3BA3D4216D768400F6EE01 /* LaunchScreen.storyboard */ = {
			isa = PBXVariantGroup;
			children = (
				3D3BA3D5216D768400F6EE01 /* Base */,
			);
			name = LaunchScreen.storyboard;
			sourceTree = "<group>";
		};
/* End PBXVariantGroup section */

/* Begin XCBuildConfiguration section */
		3D3BA3EE216D768400F6EE01 /* Debug */ = {
			isa = XCBuildConfiguration;
			buildSettings = {
				ALWAYS_SEARCH_USER_PATHS = NO;
				CLANG_ANALYZER_NONNULL = YES;
				CLANG_ANALYZER_NUMBER_OBJECT_CONVERSION = YES_AGGRESSIVE;
				CLANG_CXX_LANGUAGE_STANDARD = "gnu++14";
				CLANG_CXX_LIBRARY = "libc++";
				CLANG_ENABLE_MODULES = YES;
				CLANG_ENABLE_OBJC_ARC = YES;
				CLANG_ENABLE_OBJC_WEAK = YES;
				CLANG_WARN_BLOCK_CAPTURE_AUTORELEASING = YES;
				CLANG_WARN_BOOL_CONVERSION = YES;
				CLANG_WARN_COMMA = YES;
				CLANG_WARN_CONSTANT_CONVERSION = YES;
				CLANG_WARN_DEPRECATED_OBJC_IMPLEMENTATIONS = YES;
				CLANG_WARN_DIRECT_OBJC_ISA_USAGE = YES_ERROR;
				CLANG_WARN_DOCUMENTATION_COMMENTS = YES;
				CLANG_WARN_EMPTY_BODY = YES;
				CLANG_WARN_ENUM_CONVERSION = YES;
				CLANG_WARN_INFINITE_RECURSION = YES;
				CLANG_WARN_INT_CONVERSION = YES;
				CLANG_WARN_NON_LITERAL_NULL_CONVERSION = YES;
				CLANG_WARN_OBJC_IMPLICIT_RETAIN_SELF = YES;
				CLANG_WARN_OBJC_LITERAL_CONVERSION = YES;
				CLANG_WARN_OBJC_ROOT_CLASS = YES_ERROR;
				CLANG_WARN_RANGE_LOOP_ANALYSIS = YES;
				CLANG_WARN_STRICT_PROTOTYPES = YES;
				CLANG_WARN_SUSPICIOUS_MOVE = YES;
				CLANG_WARN_UNGUARDED_AVAILABILITY = YES_AGGRESSIVE;
				CLANG_WARN_UNREACHABLE_CODE = YES;
				CLANG_WARN__DUPLICATE_METHOD_MATCH = YES;
				CODE_SIGN_IDENTITY = "iPhone Developer";
				COPY_PHASE_STRIP = NO;
				DEBUG_INFORMATION_FORMAT = dwarf;
				ENABLE_STRICT_OBJC_MSGSEND = YES;
				ENABLE_TESTABILITY = YES;
				GCC_C_LANGUAGE_STANDARD = gnu11;
				GCC_DYNAMIC_NO_PIC = NO;
				GCC_NO_COMMON_BLOCKS = YES;
				GCC_OPTIMIZATION_LEVEL = 0;
				GCC_PREPROCESSOR_DEFINITIONS = (
					"DEBUG=1",
					"$(inherited)",
				);
				GCC_WARN_64_TO_32_BIT_CONVERSION = YES;
				GCC_WARN_ABOUT_RETURN_TYPE = YES_ERROR;
				GCC_WARN_UNDECLARED_SELECTOR = YES;
				GCC_WARN_UNINITIALIZED_AUTOS = YES_AGGRESSIVE;
				GCC_WARN_UNUSED_FUNCTION = YES;
				GCC_WARN_UNUSED_VARIABLE = YES;
				IPHONEOS_DEPLOYMENT_TARGET = 11.4;
				MTL_ENABLE_DEBUG_INFO = YES;
				ONLY_ACTIVE_ARCH = YES;
				SDKROOT = iphoneos;
				SWIFT_ACTIVE_COMPILATION_CONDITIONS = DEBUG;
				SWIFT_OPTIMIZATION_LEVEL = "-Onone";
			};
			name = Debug;
		};
		3D3BA3EF216D768400F6EE01 /* Release */ = {
			isa = XCBuildConfiguration;
			buildSettings = {
				ALWAYS_SEARCH_USER_PATHS = NO;
				CLANG_ANALYZER_NONNULL = YES;
				CLANG_ANALYZER_NUMBER_OBJECT_CONVERSION = YES_AGGRESSIVE;
				CLANG_CXX_LANGUAGE_STANDARD = "gnu++14";
				CLANG_CXX_LIBRARY = "libc++";
				CLANG_ENABLE_MODULES = YES;
				CLANG_ENABLE_OBJC_ARC = YES;
				CLANG_ENABLE_OBJC_WEAK = YES;
				CLANG_WARN_BLOCK_CAPTURE_AUTORELEASING = YES;
				CLANG_WARN_BOOL_CONVERSION = YES;
				CLANG_WARN_COMMA = YES;
				CLANG_WARN_CONSTANT_CONVERSION = YES;
				CLANG_WARN_DEPRECATED_OBJC_IMPLEMENTATIONS = YES;
				CLANG_WARN_DIRECT_OBJC_ISA_USAGE = YES_ERROR;
				CLANG_WARN_DOCUMENTATION_COMMENTS = YES;
				CLANG_WARN_EMPTY_BODY = YES;
				CLANG_WARN_ENUM_CONVERSION = YES;
				CLANG_WARN_INFINITE_RECURSION = YES;
				CLANG_WARN_INT_CONVERSION = YES;
				CLANG_WARN_NON_LITERAL_NULL_CONVERSION = YES;
				CLANG_WARN_OBJC_IMPLICIT_RETAIN_SELF = YES;
				CLANG_WARN_OBJC_LITERAL_CONVERSION = YES;
				CLANG_WARN_OBJC_ROOT_CLASS = YES_ERROR;
				CLANG_WARN_RANGE_LOOP_ANALYSIS = YES;
				CLANG_WARN_STRICT_PROTOTYPES = YES;
				CLANG_WARN_SUSPICIOUS_MOVE = YES;
				CLANG_WARN_UNGUARDED_AVAILABILITY = YES_AGGRESSIVE;
				CLANG_WARN_UNREACHABLE_CODE = YES;
				CLANG_WARN__DUPLICATE_METHOD_MATCH = YES;
				CODE_SIGN_IDENTITY = "iPhone Developer";
				COPY_PHASE_STRIP = NO;
				DEBUG_INFORMATION_FORMAT = "dwarf-with-dsym";
				ENABLE_NS_ASSERTIONS = NO;
				ENABLE_STRICT_OBJC_MSGSEND = YES;
				GCC_C_LANGUAGE_STANDARD = gnu11;
				GCC_NO_COMMON_BLOCKS = YES;
				GCC_WARN_64_TO_32_BIT_CONVERSION = YES;
				GCC_WARN_ABOUT_RETURN_TYPE = YES_ERROR;
				GCC_WARN_UNDECLARED_SELECTOR = YES;
				GCC_WARN_UNINITIALIZED_AUTOS = YES_AGGRESSIVE;
				GCC_WARN_UNUSED_FUNCTION = YES;
				GCC_WARN_UNUSED_VARIABLE = YES;
				IPHONEOS_DEPLOYMENT_TARGET = 11.4;
				MTL_ENABLE_DEBUG_INFO = NO;
				SDKROOT = iphoneos;
				SWIFT_COMPILATION_MODE = wholemodule;
				SWIFT_OPTIMIZATION_LEVEL = "-O";
				VALIDATE_PRODUCT = YES;
			};
			name = Release;
		};
		3D3BA3F1216D768400F6EE01 /* Debug */ = {
			isa = XCBuildConfiguration;
			buildSettings = {
				ASSETCATALOG_COMPILER_APPICON_NAME = AppIcon;
				CODE_SIGN_STYLE = Automatic;
				INFOPLIST_FILE = Restaurante/Info.plist;
				LD_RUNPATH_SEARCH_PATHS = (
					"$(inherited)",
					"@executable_path/Frameworks",
				);
				PRODUCT_BUNDLE_IDENTIFIER = Any.Restaurante;
				PRODUCT_NAME = "$(TARGET_NAME)";
				SWIFT_VERSION = 4.0;
				TARGETED_DEVICE_FAMILY = "1,2";
			};
			name = Debug;
		};
		3D3BA3F2216D768400F6EE01 /* Release */ = {
			isa = XCBuildConfiguration;
			buildSettings = {
				ASSETCATALOG_COMPILER_APPICON_NAME = AppIcon;
				CODE_SIGN_STYLE = Automatic;
				INFOPLIST_FILE = Restaurante/Info.plist;
				LD_RUNPATH_SEARCH_PATHS = (
					"$(inherited)",
					"@executable_path/Frameworks",
				);
				PRODUCT_BUNDLE_IDENTIFIER = Any.Restaurante;
				PRODUCT_NAME = "$(TARGET_NAME)";
				SWIFT_VERSION = 4.0;
				TARGETED_DEVICE_FAMILY = "1,2";
			};
			name = Release;
		};
		3D3BA3F4216D768400F6EE01 /* Debug */ = {
			isa = XCBuildConfiguration;
			buildSettings = {
				ALWAYS_EMBED_SWIFT_STANDARD_LIBRARIES = YES;
				BUNDLE_LOADER = "$(TEST_HOST)";
				CODE_SIGN_STYLE = Automatic;
				INFOPLIST_FILE = RestauranteTests/Info.plist;
				LD_RUNPATH_SEARCH_PATHS = (
					"$(inherited)",
					"@executable_path/Frameworks",
					"@loader_path/Frameworks",
				);
				PRODUCT_BUNDLE_IDENTIFIER = Any.RestauranteTests;
				PRODUCT_NAME = "$(TARGET_NAME)";
				SWIFT_VERSION = 4.0;
				TARGETED_DEVICE_FAMILY = "1,2";
				TEST_HOST = "$(BUILT_PRODUCTS_DIR)/Restaurante.app/Restaurante";
			};
			name = Debug;
		};
		3D3BA3F5216D768400F6EE01 /* Release */ = {
			isa = XCBuildConfiguration;
			buildSettings = {
				ALWAYS_EMBED_SWIFT_STANDARD_LIBRARIES = YES;
				BUNDLE_LOADER = "$(TEST_HOST)";
				CODE_SIGN_STYLE = Automatic;
				INFOPLIST_FILE = RestauranteTests/Info.plist;
				LD_RUNPATH_SEARCH_PATHS = (
					"$(inherited)",
					"@executable_path/Frameworks",
					"@loader_path/Frameworks",
				);
				PRODUCT_BUNDLE_IDENTIFIER = Any.RestauranteTests;
				PRODUCT_NAME = "$(TARGET_NAME)";
				SWIFT_VERSION = 4.0;
				TARGETED_DEVICE_FAMILY = "1,2";
				TEST_HOST = "$(BUILT_PRODUCTS_DIR)/Restaurante.app/Restaurante";
			};
			name = Release;
		};
		3D3BA3F7216D768400F6EE01 /* Debug */ = {
			isa = XCBuildConfiguration;
			buildSettings = {
				ALWAYS_EMBED_SWIFT_STANDARD_LIBRARIES = YES;
				CODE_SIGN_STYLE = Automatic;
				INFOPLIST_FILE = RestauranteUITests/Info.plist;
				LD_RUNPATH_SEARCH_PATHS = (
					"$(inherited)",
					"@executable_path/Frameworks",
					"@loader_path/Frameworks",
				);
				PRODUCT_BUNDLE_IDENTIFIER = Any.RestauranteUITests;
				PRODUCT_NAME = "$(TARGET_NAME)";
				SWIFT_VERSION = 4.0;
				TARGETED_DEVICE_FAMILY = "1,2";
				TEST_TARGET_NAME = Restaurante;
			};
			name = Debug;
		};
		3D3BA3F8216D768400F6EE01 /* Release */ = {
			isa = XCBuildConfiguration;
			buildSettings = {
				ALWAYS_EMBED_SWIFT_STANDARD_LIBRARIES = YES;
				CODE_SIGN_STYLE = Automatic;
				INFOPLIST_FILE = RestauranteUITests/Info.plist;
				LD_RUNPATH_SEARCH_PATHS = (
					"$(inherited)",
					"@executable_path/Frameworks",
					"@loader_path/Frameworks",
				);
				PRODUCT_BUNDLE_IDENTIFIER = Any.RestauranteUITests;
				PRODUCT_NAME = "$(TARGET_NAME)";
				SWIFT_VERSION = 4.0;
				TARGETED_DEVICE_FAMILY = "1,2";
				TEST_TARGET_NAME = Restaurante;
			};
			name = Release;
		};
/* End XCBuildConfiguration section */

/* Begin XCConfigurationList section */
		3D3BA3C3216D767200F6EE01 /* Build configuration list for PBXProject "Restaurante" */ = {
			isa = XCConfigurationList;
			buildConfigurations = (
				3D3BA3EE216D768400F6EE01 /* Debug */,
				3D3BA3EF216D768400F6EE01 /* Release */,
			);
			defaultConfigurationIsVisible = 0;
			defaultConfigurationName = Release;
		};
		3D3BA3F0216D768400F6EE01 /* Build configuration list for PBXNativeTarget "Restaurante" */ = {
			isa = XCConfigurationList;
			buildConfigurations = (
				3D3BA3F1216D768400F6EE01 /* Debug */,
				3D3BA3F2216D768400F6EE01 /* Release */,
			);
			defaultConfigurationIsVisible = 0;
			defaultConfigurationName = Release;
		};
		3D3BA3F3216D768400F6EE01 /* Build configuration list for PBXNativeTarget "RestauranteTests" */ = {
			isa = XCConfigurationList;
			buildConfigurations = (
				3D3BA3F4216D768400F6EE01 /* Debug */,
				3D3BA3F5216D768400F6EE01 /* Release */,
			);
			defaultConfigurationIsVisible = 0;
			defaultConfigurationName = Release;
		};
		3D3BA3F6216D768400F6EE01 /* Build configuration list for PBXNativeTarget "RestauranteUITests" */ = {
			isa = XCConfigurationList;
			buildConfigurations = (
				3D3BA3F7216D768400F6EE01 /* Debug */,
				3D3BA3F8216D768400F6EE01 /* Release */,
			);
			defaultConfigurationIsVisible = 0;
			defaultConfigurationName = Release;
		};
/* End XCConfigurationList section */
	};
	rootObject = 3D3BA3C0216D767200F6EE01 /* Project object */;
}
